// !$*UTF8*$!
{
	archiveVersion = 1;
	classes = {
	};
	objectVersion = 46;
	objects = {

/* Begin PBXBuildFile section */
		7DBCCFE51F921A3700EAD859 /* main.cpp in Sources */ = {isa = PBXBuildFile; fileRef = 7DBCCFE41F921A3700EAD859 /* main.cpp */; };
/* End PBXBuildFile section */

/* Begin PBXCopyFilesBuildPhase section */
		7DBCCFDF1F921A3700EAD859 /* CopyFiles */ = {
			isa = PBXCopyFilesBuildPhase;
			buildActionMask = 2147483647;
			dstPath = /usr/share/man/man1/;
			dstSubfolderSpec = 0;
			files = (
			);
			runOnlyForDeploymentPostprocessing = 1;
		};
/* End PBXCopyFilesBuildPhase section */

/* Begin PBXFileReference section */
		7DBCCFE11F921A3700EAD859 /* SFM - Schrijver */ = {isa = PBXFileReference; explicitFileType = "compiled.mach-o.executable"; includeInIndex = 0; path = "SFM - Schrijver"; sourceTree = BUILT_PRODUCTS_DIR; };
		7DBCCFE41F921A3700EAD859 /* main.cpp */ = {isa = PBXFileReference; lastKnownFileType = sourcecode.cpp.cpp; path = main.cpp; sourceTree = "<group>"; };
/* End PBXFileReference section */

/* Begin PBXFrameworksBuildPhase section */
		7DBCCFDE1F921A3700EAD859 /* Frameworks */ = {
			isa = PBXFrameworksBuildPhase;
			buildActionMask = 2147483647;
			files = (
			);
			runOnlyForDeploymentPostprocessing = 0;
		};
/* End PBXFrameworksBuildPhase section */

/* Begin PBXGroup section */
		7DBCCFD81F921A3700EAD859 = {
			isa = PBXGroup;
			children = (
				7DBCCFE31F921A3700EAD859 /* SFM - Schrijver */,
				7DBCCFE21F921A3700EAD859 /* Products */,
			);
			sourceTree = "<group>";
		};
		7DBCCFE21F921A3700EAD859 /* Products */ = {
			isa = PBXGroup;
			children = (
				7DBCCFE11F921A3700EAD859 /* SFM - Schrijver */,
			);
			name = Products;
			sourceTree = "<group>";
		};
		7DBCCFE31F921A3700EAD859 /* SFM - Schrijver */ = {
			isa = PBXGroup;
			children = (
				7DBCCFE41F921A3700EAD859 /* main.cpp */,
			);
			path = "SFM - Schrijver";
			sourceTree = "<group>";
		};
/* End PBXGroup section */

/* Begin PBXNativeTarget section */
		7DBCCFE01F921A3700EAD859 /* SFM - Schrijver */ = {
			isa = PBXNativeTarget;
			buildConfigurationList = 7DBCCFE81F921A3700EAD859 /* Build configuration list for PBXNativeTarget "SFM - Schrijver" */;
			buildPhases = (
				7DBCCFDD1F921A3700EAD859 /* Sources */,
				7DBCCFDE1F921A3700EAD859 /* Frameworks */,
				7DBCCFDF1F921A3700EAD859 /* CopyFiles */,
			);
			buildRules = (
			);
			dependencies = (
			);
			name = "SFM - Schrijver";
			productName = "SFM - Schrijver";
			productReference = 7DBCCFE11F921A3700EAD859 /* SFM - Schrijver */;
			productType = "com.apple.product-type.tool";
		};
/* End PBXNativeTarget section */

/* Begin PBXProject section */
		7DBCCFD91F921A3700EAD859 /* Project object */ = {
			isa = PBXProject;
			attributes = {
				LastUpgradeCheck = 0820;
				ORGANIZATIONNAME = siddhantbharti;
				TargetAttributes = {
					7DBCCFE01F921A3700EAD859 = {
						CreatedOnToolsVersion = 8.2.1;
						DevelopmentTeam = U9832NT83B;
						ProvisioningStyle = Automatic;
					};
				};
			};
			buildConfigurationList = 7DBCCFDC1F921A3700EAD859 /* Build configuration list for PBXProject "SFM - Schrijver" */;
			compatibilityVersion = "Xcode 3.2";
			developmentRegion = English;
			hasScannedForEncodings = 0;
			knownRegions = (
				en,
			);
			mainGroup = 7DBCCFD81F921A3700EAD859;
			productRefGroup = 7DBCCFE21F921A3700EAD859 /* Products */;
			projectDirPath = "";
			projectRoot = "";
			targets = (
				7DBCCFE01F921A3700EAD859 /* SFM - Schrijver */,
			);
		};
/* End PBXProject section */

/* Begin PBXSourcesBuildPhase section */
		7DBCCFDD1F921A3700EAD859 /* Sources */ = {
			isa = PBXSourcesBuildPhase;
			buildActionMask = 2147483647;
			files = (
				7DBCCFE51F921A3700EAD859 /* main.cpp in Sources */,
			);
			runOnlyForDeploymentPostprocessing = 0;
		};
/* End PBXSourcesBuildPhase section */

/* Begin XCBuildConfiguration section */
		7DBCCFE61F921A3700EAD859 /* Debug */ = {
			isa = XCBuildConfiguration;
			buildSettings = {
				ALWAYS_SEARCH_USER_PATHS = NO;
				CLANG_ANALYZER_NONNULL = YES;
				CLANG_CXX_LANGUAGE_STANDARD = "gnu++0x";
				CLANG_CXX_LIBRARY = "libc++";
				CLANG_ENABLE_MODULES = YES;
				CLANG_ENABLE_OBJC_ARC = YES;
				CLANG_WARN_BOOL_CONVERSION = YES;
				CLANG_WARN_CONSTANT_CONVERSION = YES;
				CLANG_WARN_DIRECT_OBJC_ISA_USAGE = YES_ERROR;
				CLANG_WARN_DOCUMENTATION_COMMENTS = YES;
				CLANG_WARN_EMPTY_BODY = YES;
				CLANG_WARN_ENUM_CONVERSION = YES;
				CLANG_WARN_INFINITE_RECURSION = YES;
				CLANG_WARN_INT_CONVERSION = YES;
				CLANG_WARN_OBJC_ROOT_CLASS = YES_ERROR;
				CLANG_WARN_SUSPICIOUS_MOVE = YES;
				CLANG_WARN_UNREACHABLE_CODE = YES;
				CLANG_WARN__DUPLICATE_METHOD_MATCH = YES;
				CODE_SIGN_IDENTITY = "-";
				COPY_PHASE_STRIP = NO;
				DEBUG_INFORMATION_FORMAT = dwarf;
				ENABLE_STRICT_OBJC_MSGSEND = YES;
				ENABLE_TESTABILITY = YES;
				GCC_C_LANGUAGE_STANDARD = gnu99;
				GCC_DYNAMIC_NO_PIC = NO;
				GCC_NO_COMMON_BLOCKS = YES;
				GCC_OPTIMIZATION_LEVEL = 0;
				GCC_PREPROCESSOR_DEFINITIONS = (
					"DEBUG=1",
					"$(inherited)",
				);
				GCC_WARN_64_TO_32_BIT_CONVERSION = YES;
				GCC_WARN_ABOUT_RETURN_TYPE = YES_ERROR;
				GCC_WARN_UNDECLARED_SELECTOR = YES;
				GCC_WARN_UNINITIALIZED_AUTOS = YES_AGGRESSIVE;
				GCC_WARN_UNUSED_FUNCTION = YES;
				GCC_WARN_UNUSED_VARIABLE = YES;
				MACOSX_DEPLOYMENT_TARGET = 10.13;
				MTL_ENABLE_DEBUG_INFO = YES;
				ONLY_ACTIVE_ARCH = YES;
				SDKROOT = macosx;
			};
			name = Debug;
		};
		7DBCCFE71F921A3700EAD859 /* Release */ = {
			isa = XCBuildConfiguration;
			buildSettings = {
				ALWAYS_SEARCH_USER_PATHS = NO;
				CLANG_ANALYZER_NONNULL = YES;
				CLANG_CXX_LANGUAGE_STANDARD = "gnu++0x";
				CLANG_CXX_LIBRARY = "libc++";
				CLANG_ENABLE_MODULES = YES;
				CLANG_ENABLE_OBJC_ARC = YES;
				CLANG_WARN_BOOL_CONVERSION = YES;
				CLANG_WARN_CONSTANT_CONVERSION = YES;
				CLANG_WARN_DIRECT_OBJC_ISA_USAGE = YES_ERROR;
				CLANG_WARN_DOCUMENTATION_COMMENTS = YES;
				CLANG_WARN_EMPTY_BODY = YES;
				CLANG_WARN_ENUM_CONVERSION = YES;
				CLANG_WARN_INFINITE_RECURSION = YES;
				CLANG_WARN_INT_CONVERSION = YES;
				CLANG_WARN_OBJC_ROOT_CLASS = YES_ERROR;
				CLANG_WARN_SUSPICIOUS_MOVE = YES;
				CLANG_WARN_UNREACHABLE_CODE = YES;
				CLANG_WARN__DUPLICATE_METHOD_MATCH = YES;
				CODE_SIGN_IDENTITY = "-";
				COPY_PHASE_STRIP = NO;
				DEBUG_INFORMATION_FORMAT = "dwarf-with-dsym";
				ENABLE_NS_ASSERTIONS = NO;
				ENABLE_STRICT_OBJC_MSGSEND = YES;
				GCC_C_LANGUAGE_STANDARD = gnu99;
				GCC_NO_COMMON_BLOCKS = YES;
				GCC_WARN_64_TO_32_BIT_CONVERSION = YES;
				GCC_WARN_ABOUT_RETURN_TYPE = YES_ERROR;
				GCC_WARN_UNDECLARED_SELECTOR = YES;
				GCC_WARN_UNINITIALIZED_AUTOS = YES_AGGRESSIVE;
				GCC_WARN_UNUSED_FUNCTION = YES;
				GCC_WARN_UNUSED_VARIABLE = YES;
				MACOSX_DEPLOYMENT_TARGET = 10.13;
				MTL_ENABLE_DEBUG_INFO = NO;
				SDKROOT = macosx;
			};
			name = Release;
		};
		7DBCCFE91F921A3700EAD859 /* Debug */ = {
			isa = XCBuildConfiguration;
			buildSettings = {
				DEVELOPMENT_TEAM = U9832NT83B;
				PRODUCT_NAME = "$(TARGET_NAME)";
			};
			name = Debug;
		};
		7DBCCFEA1F921A3700EAD859 /* Release */ = {
			isa = XCBuildConfiguration;
			buildSettings = {
				DEVELOPMENT_TEAM = U9832NT83B;
				PRODUCT_NAME = "$(TARGET_NAME)";
			};
			name = Release;
		};
/* End XCBuildConfiguration section */

/* Begin XCConfigurationList section */
		7DBCCFDC1F921A3700EAD859 /* Build configuration list for PBXProject "SFM - Schrijver" */ = {
			isa = XCConfigurationList;
			buildConfigurations = (
				7DBCCFE61F921A3700EAD859 /* Debug */,
				7DBCCFE71F921A3700EAD859 /* Release */,
			);
			defaultConfigurationIsVisible = 0;
			defaultConfigurationName = Release;
		};
		7DBCCFE81F921A3700EAD859 /* Build configuration list for PBXNativeTarget "SFM - Schrijver" */ = {
			isa = XCConfigurationList;
			buildConfigurations = (
				7DBCCFE91F921A3700EAD859 /* Debug */,
				7DBCCFEA1F921A3700EAD859 /* Release */,
			);
			defaultConfigurationIsVisible = 0;
		};
/* End XCConfigurationList section */
	};
	rootObject = 7DBCCFD91F921A3700EAD859 /* Project object */;
}
